
Microsoft Visual Studio Solution File, Format Version 12.00
# Visual Studio Version 16
VisualStudioVersion = 16.0.30804.86
MinimumVisualStudioVersion = 10.0.40219.1
Project("{FAE04EC0-301F-11D3-BF4B-00C04F79EFBC}") = "HelloWorld", "HelloWorld\HelloWorld.csproj", "{EBDECB73-9AFD-4099-B9A3-2E6A88A87BAD}"
EndProject
Global
	GlobalSection(SolutionConfigurationPlatforms) = preSolution
		Debug|Any CPU = Debug|Any CPU
		Release|Any CPU = Release|Any CPU
	EndGlobalSection
	GlobalSection(ProjectConfigurationPlatforms) = postSolution
		{EBDECB73-9AFD-4099-B9A3-2E6A88A87BAD}.Debug|Any CPU.ActiveCfg = Debug|Any CPU
		{EBDECB73-9AFD-4099-B9A3-2E6A88A87BAD}.Debug|Any CPU.Build.0 = Debug|Any CPU
		{EBDECB73-9AFD-4099-B9A3-2E6A88A87BAD}.Release|Any CPU.ActiveCfg = Release|Any CPU
		{EBDECB73-9AFD-4099-B9A3-2E6A88A87BAD}.Release|Any CPU.Build.0 = Release|Any CPU
	EndGlobalSection
	GlobalSection(SolutionProperties) = preSolution
		HideSolutionNode = FALSE
	EndGlobalSection
	GlobalSection(ExtensibilityGlobals) = postSolution
		SolutionGuid = {EA0A5C68-6273-470E-81B3-F380CDF8E5B6}
	EndGlobalSection
EndGlobal
